
Microsoft Visual Studio Solution File, Format Version 12.00
# Visual Studio Version 17
VisualStudioVersion = 17.5.002.0
MinimumVisualStudioVersion = 10.0.40219.1
Project("{9A19103F-16F7-4668-BE54-9A1E7A4F7556}") = "SoruFor", "SoruFor\SoruFor.csproj", "{2139FC94-BB99-4D1D-8230-390F29451306}"
EndProject
Project("{9A19103F-16F7-4668-BE54-9A1E7A4F7556}") = "SoruWhile", "SoruWhile\SoruWhile.csproj", "{F7B88D99-8F15-4322-8E44-1953770F48D2}"
EndProject
Global
	GlobalSection(SolutionConfigurationPlatforms) = preSolution
		Debug|Any CPU = Debug|Any CPU
		Release|Any CPU = Release|Any CPU
	EndGlobalSection
	GlobalSection(ProjectConfigurationPlatforms) = postSolution
		{2139FC94-BB99-4D1D-8230-390F29451306}.Debug|Any CPU.ActiveCfg = Debug|Any CPU
		{2139FC94-BB99-4D1D-8230-390F29451306}.Debug|Any CPU.Build.0 = Debug|Any CPU
		{2139FC94-BB99-4D1D-8230-390F29451306}.Release|Any CPU.ActiveCfg = Release|Any CPU
		{2139FC94-BB99-4D1D-8230-390F29451306}.Release|Any CPU.Build.0 = Release|Any CPU
		{F7B88D99-8F15-4322-8E44-1953770F48D2}.Debug|Any CPU.ActiveCfg = Debug|Any CPU
		{F7B88D99-8F15-4322-8E44-1953770F48D2}.Debug|Any CPU.Build.0 = Debug|Any CPU
		{F7B88D99-8F15-4322-8E44-1953770F48D2}.Release|Any CPU.ActiveCfg = Release|Any CPU
		{F7B88D99-8F15-4322-8E44-1953770F48D2}.Release|Any CPU.Build.0 = Release|Any CPU
	EndGlobalSection
	GlobalSection(SolutionProperties) = preSolution
		HideSolutionNode = FALSE
	EndGlobalSection
	GlobalSection(ExtensibilityGlobals) = postSolution
		SolutionGuid = {800C9656-B101-40DF-B600-29D1BE9AE0C6}
	EndGlobalSection
EndGlobal
