
Microsoft Visual Studio Solution File, Format Version 12.00
# Visual Studio Version 17
VisualStudioVersion = 17.5.002.0
MinimumVisualStudioVersion = 10.0.40219.1
Project("{2150E333-8FDC-42A3-9474-1A3956D46DE8}") = "01-StringMethods-Homework", "01-StringMethods-Homework", "{47F5D5FC-92C8-4127-A69E-B36829776FEE}"
EndProject
Project("{9A19103F-16F7-4668-BE54-9A1E7A4F7556}") = "Soru1", "01-StringMethods-Homework\Soru1\Soru1.csproj", "{17ADCBF9-7B10-498D-B32B-37B3F1E6D77B}"
EndProject
Project("{9A19103F-16F7-4668-BE54-9A1E7A4F7556}") = "Soru2", "01-StringMethods-Homework\Soru2\Soru2.csproj", "{49D806DC-62D7-423B-B6EF-001B6B153977}"
EndProject
Project("{9A19103F-16F7-4668-BE54-9A1E7A4F7556}") = "Soru3", "01-StringMethods-Homework\Soru3\Soru3.csproj", "{A7D3A53F-74A7-4E9D-9801-3C760470E211}"
EndProject
Project("{9A19103F-16F7-4668-BE54-9A1E7A4F7556}") = "Soru4", "01-StringMethods-Homework\Soru4\Soru4.csproj", "{417B97CB-0B34-455F-8E4A-5381ACF5D3BA}"
EndProject
Project("{9A19103F-16F7-4668-BE54-9A1E7A4F7556}") = "Soru5", "01-StringMethods-Homework\Soru5\Soru5.csproj", "{CBAF8CAC-BB3C-4C65-82A1-C7EF77ECCD5E}"
EndProject
Project("{2150E333-8FDC-42A3-9474-1A3956D46DE8}") = "02-number-methods-homework", "02-number-methods-homework", "{7C1FEE7D-4CA5-4FE2-90C1-7340E6A5CED1}"
EndProject
Project("{9A19103F-16F7-4668-BE54-9A1E7A4F7556}") = "Soru1", "02-number-methods-homework\Soru1\Soru1.csproj", "{C4384A36-A896-46FD-94AF-0672657E1148}"
EndProject
Project("{9A19103F-16F7-4668-BE54-9A1E7A4F7556}") = "Soru10", "02-number-methods-homework\Soru10\Soru10.csproj", "{5E6A4FFD-8662-44B0-8922-74E180279106}"
EndProject
Project("{9A19103F-16F7-4668-BE54-9A1E7A4F7556}") = "Soru2", "02-number-methods-homework\Soru2\Soru2.csproj", "{7886BD40-877D-4A27-B98C-4EAA44D2C15F}"
EndProject
Project("{9A19103F-16F7-4668-BE54-9A1E7A4F7556}") = "Soru3", "02-number-methods-homework\Soru3\Soru3.csproj", "{74305704-C299-4B41-9565-0CECF30B4D83}"
EndProject
Project("{9A19103F-16F7-4668-BE54-9A1E7A4F7556}") = "Soru4", "02-number-methods-homework\Soru4\Soru4.csproj", "{31D00053-79DC-431D-B50C-B20D1E4DFBC9}"
EndProject
Project("{9A19103F-16F7-4668-BE54-9A1E7A4F7556}") = "Soru5", "02-number-methods-homework\Soru5\Soru5.csproj", "{19691666-B6F3-429E-90FC-ED180DACB00C}"
EndProject
Project("{9A19103F-16F7-4668-BE54-9A1E7A4F7556}") = "Soru6", "02-number-methods-homework\Soru6\Soru6.csproj", "{3207E980-BCB4-4495-8241-6DD2FCDD745D}"
EndProject
Project("{9A19103F-16F7-4668-BE54-9A1E7A4F7556}") = "Soru7", "02-number-methods-homework\Soru7\Soru7.csproj", "{D6BCA41D-FBF0-45FA-BF55-91A29110B75C}"
EndProject
Project("{9A19103F-16F7-4668-BE54-9A1E7A4F7556}") = "Soru8", "02-number-methods-homework\Soru8\Soru8.csproj", "{63DF79C0-F800-457A-8344-428636B7EF1E}"
EndProject
Project("{9A19103F-16F7-4668-BE54-9A1E7A4F7556}") = "Soru9", "02-number-methods-homework\Soru9\Soru9.csproj", "{AF175164-6069-4342-ADDF-7800CD8FC76F}"
EndProject
Project("{2150E333-8FDC-42A3-9474-1A3956D46DE8}") = "03DateTime-HomeWorks", "03DateTime-HomeWorks", "{11AB8D52-1B35-42AA-B15B-A49B54BAF711}"
EndProject
Project("{9A19103F-16F7-4668-BE54-9A1E7A4F7556}") = "-Soru10", "03DateTime-HomeWorks\-Soru10\-Soru10.csproj", "{760F8527-D40D-45AE-B33D-99005F60F955}"
EndProject
Project("{9A19103F-16F7-4668-BE54-9A1E7A4F7556}") = "-Soru4", "03DateTime-HomeWorks\-Soru4\-Soru4.csproj", "{91284FE5-E7F7-4762-A902-A6B9FED60956}"
EndProject
Project("{9A19103F-16F7-4668-BE54-9A1E7A4F7556}") = "Soru1", "03DateTime-HomeWorks\Soru1\Soru1.csproj", "{D36F5AED-C629-44D1-A01D-491BB8240AF9}"
EndProject
Project("{9A19103F-16F7-4668-BE54-9A1E7A4F7556}") = "Soru2", "03DateTime-HomeWorks\Soru2\Soru2.csproj", "{BF7EFF5C-9122-4E71-B4DF-07C21DEF6982}"
EndProject
Project("{9A19103F-16F7-4668-BE54-9A1E7A4F7556}") = "Soru3", "03DateTime-HomeWorks\Soru3\Soru3.csproj", "{69B5B883-EE2D-48D8-923F-63ED66FE7AAA}"
EndProject
Project("{9A19103F-16F7-4668-BE54-9A1E7A4F7556}") = "Soru5", "03DateTime-HomeWorks\Soru5\Soru5.csproj", "{109DD672-3A96-4322-B3BA-DC542C4E7EF5}"
EndProject
Project("{9A19103F-16F7-4668-BE54-9A1E7A4F7556}") = "Soru6", "03DateTime-HomeWorks\Soru6\Soru6.csproj", "{FA2034FE-3394-40F5-9B51-413EAF8B6863}"
EndProject
Project("{9A19103F-16F7-4668-BE54-9A1E7A4F7556}") = "Soru7", "03DateTime-HomeWorks\Soru7\Soru7.csproj", "{D45DCA2A-BAB7-4380-9CFF-3BC03479EA09}"
EndProject
Project("{9A19103F-16F7-4668-BE54-9A1E7A4F7556}") = "Soru8", "03DateTime-HomeWorks\Soru8\Soru8.csproj", "{05E2E8D2-99C4-42F0-8896-6545FCFE34BB}"
EndProject
Project("{9A19103F-16F7-4668-BE54-9A1E7A4F7556}") = "Soru9", "03DateTime-HomeWorks\Soru9\Soru9.csproj", "{045006F9-EED6-455E-98FF-E2350FF91592}"
EndProject
Project("{2150E333-8FDC-42A3-9474-1A3956D46DE8}") = "04-ıf-else-homeworks", "04-ıf-else-homeworks", "{5186E969-1144-4C13-93AD-98160FCA8323}"
EndProject
Project("{9A19103F-16F7-4668-BE54-9A1E7A4F7556}") = "Soru1", "04-ıf-else-homeworks\Soru1\Soru1.csproj", "{62973627-5876-4F91-A016-A34FD763A769}"
EndProject
Project("{9A19103F-16F7-4668-BE54-9A1E7A4F7556}") = "Soru10", "04-ıf-else-homeworks\Soru10\Soru10.csproj", "{26EAD80E-D3FF-4750-8D17-09F7761F4E1B}"
EndProject
Project("{9A19103F-16F7-4668-BE54-9A1E7A4F7556}") = "Soru2", "04-ıf-else-homeworks\Soru2\Soru2.csproj", "{8226C0CC-725E-4A60-BB20-7170BFCB7D04}"
EndProject
Project("{9A19103F-16F7-4668-BE54-9A1E7A4F7556}") = "Soru3", "04-ıf-else-homeworks\Soru3\Soru3.csproj", "{C945CE04-ED46-4CC1-BE44-982BAFE7022F}"
EndProject
Project("{9A19103F-16F7-4668-BE54-9A1E7A4F7556}") = "Soru4", "04-ıf-else-homeworks\Soru4\Soru4.csproj", "{7BB45A3E-00CD-4D52-AFFA-07D92DF2D149}"
EndProject
Project("{9A19103F-16F7-4668-BE54-9A1E7A4F7556}") = "Soru5", "04-ıf-else-homeworks\Soru5\Soru5.csproj", "{E22D6D58-73A3-490B-A839-E7EC055101A4}"
EndProject
Project("{9A19103F-16F7-4668-BE54-9A1E7A4F7556}") = "Soru6", "04-ıf-else-homeworks\Soru6\Soru6.csproj", "{4F4432D7-1AC8-4E4F-91E5-B2FBB1384755}"
EndProject
Project("{9A19103F-16F7-4668-BE54-9A1E7A4F7556}") = "Soru7", "04-ıf-else-homeworks\Soru7\Soru7.csproj", "{1E1F12CB-D0B1-40A1-A349-64F580B53C55}"
EndProject
Project("{9A19103F-16F7-4668-BE54-9A1E7A4F7556}") = "Soru8", "04-ıf-else-homeworks\Soru8\Soru8.csproj", "{8A481BB8-A260-4966-A3C6-22C651DC9059}"
EndProject
Project("{9A19103F-16F7-4668-BE54-9A1E7A4F7556}") = "Soru9", "04-ıf-else-homeworks\Soru9\Soru9.csproj", "{8C179267-4344-4AA3-8196-3BC96F7A10C0}"
EndProject
Global
	GlobalSection(SolutionConfigurationPlatforms) = preSolution
		Debug|Any CPU = Debug|Any CPU
		Release|Any CPU = Release|Any CPU
	EndGlobalSection
	GlobalSection(ProjectConfigurationPlatforms) = postSolution
		{17ADCBF9-7B10-498D-B32B-37B3F1E6D77B}.Debug|Any CPU.ActiveCfg = Debug|Any CPU
		{17ADCBF9-7B10-498D-B32B-37B3F1E6D77B}.Debug|Any CPU.Build.0 = Debug|Any CPU
		{17ADCBF9-7B10-498D-B32B-37B3F1E6D77B}.Release|Any CPU.ActiveCfg = Release|Any CPU
		{17ADCBF9-7B10-498D-B32B-37B3F1E6D77B}.Release|Any CPU.Build.0 = Release|Any CPU
		{49D806DC-62D7-423B-B6EF-001B6B153977}.Debug|Any CPU.ActiveCfg = Debug|Any CPU
		{49D806DC-62D7-423B-B6EF-001B6B153977}.Debug|Any CPU.Build.0 = Debug|Any CPU
		{49D806DC-62D7-423B-B6EF-001B6B153977}.Release|Any CPU.ActiveCfg = Release|Any CPU
		{49D806DC-62D7-423B-B6EF-001B6B153977}.Release|Any CPU.Build.0 = Release|Any CPU
		{A7D3A53F-74A7-4E9D-9801-3C760470E211}.Debug|Any CPU.ActiveCfg = Debug|Any CPU
		{A7D3A53F-74A7-4E9D-9801-3C760470E211}.Debug|Any CPU.Build.0 = Debug|Any CPU
		{A7D3A53F-74A7-4E9D-9801-3C760470E211}.Release|Any CPU.ActiveCfg = Release|Any CPU
		{A7D3A53F-74A7-4E9D-9801-3C760470E211}.Release|Any CPU.Build.0 = Release|Any CPU
		{417B97CB-0B34-455F-8E4A-5381ACF5D3BA}.Debug|Any CPU.ActiveCfg = Debug|Any CPU
		{417B97CB-0B34-455F-8E4A-5381ACF5D3BA}.Debug|Any CPU.Build.0 = Debug|Any CPU
		{417B97CB-0B34-455F-8E4A-5381ACF5D3BA}.Release|Any CPU.ActiveCfg = Release|Any CPU
		{417B97CB-0B34-455F-8E4A-5381ACF5D3BA}.Release|Any CPU.Build.0 = Release|Any CPU
		{CBAF8CAC-BB3C-4C65-82A1-C7EF77ECCD5E}.Debug|Any CPU.ActiveCfg = Debug|Any CPU
		{CBAF8CAC-BB3C-4C65-82A1-C7EF77ECCD5E}.Debug|Any CPU.Build.0 = Debug|Any CPU
		{CBAF8CAC-BB3C-4C65-82A1-C7EF77ECCD5E}.Release|Any CPU.ActiveCfg = Release|Any CPU
		{CBAF8CAC-BB3C-4C65-82A1-C7EF77ECCD5E}.Release|Any CPU.Build.0 = Release|Any CPU
		{C4384A36-A896-46FD-94AF-0672657E1148}.Debug|Any CPU.ActiveCfg = Debug|Any CPU
		{C4384A36-A896-46FD-94AF-0672657E1148}.Debug|Any CPU.Build.0 = Debug|Any CPU
		{C4384A36-A896-46FD-94AF-0672657E1148}.Release|Any CPU.ActiveCfg = Release|Any CPU
		{C4384A36-A896-46FD-94AF-0672657E1148}.Release|Any CPU.Build.0 = Release|Any CPU
		{5E6A4FFD-8662-44B0-8922-74E180279106}.Debug|Any CPU.ActiveCfg = Debug|Any CPU
		{5E6A4FFD-8662-44B0-8922-74E180279106}.Debug|Any CPU.Build.0 = Debug|Any CPU
		{5E6A4FFD-8662-44B0-8922-74E180279106}.Release|Any CPU.ActiveCfg = Release|Any CPU
		{5E6A4FFD-8662-44B0-8922-74E180279106}.Release|Any CPU.Build.0 = Release|Any CPU
		{7886BD40-877D-4A27-B98C-4EAA44D2C15F}.Debug|Any CPU.ActiveCfg = Debug|Any CPU
		{7886BD40-877D-4A27-B98C-4EAA44D2C15F}.Debug|Any CPU.Build.0 = Debug|Any CPU
		{7886BD40-877D-4A27-B98C-4EAA44D2C15F}.Release|Any CPU.ActiveCfg = Release|Any CPU
		{7886BD40-877D-4A27-B98C-4EAA44D2C15F}.Release|Any CPU.Build.0 = Release|Any CPU
		{74305704-C299-4B41-9565-0CECF30B4D83}.Debug|Any CPU.ActiveCfg = Debug|Any CPU
		{74305704-C299-4B41-9565-0CECF30B4D83}.Debug|Any CPU.Build.0 = Debug|Any CPU
		{74305704-C299-4B41-9565-0CECF30B4D83}.Release|Any CPU.ActiveCfg = Release|Any CPU
		{74305704-C299-4B41-9565-0CECF30B4D83}.Release|Any CPU.Build.0 = Release|Any CPU
		{31D00053-79DC-431D-B50C-B20D1E4DFBC9}.Debug|Any CPU.ActiveCfg = Debug|Any CPU
		{31D00053-79DC-431D-B50C-B20D1E4DFBC9}.Debug|Any CPU.Build.0 = Debug|Any CPU
		{31D00053-79DC-431D-B50C-B20D1E4DFBC9}.Release|Any CPU.ActiveCfg = Release|Any CPU
		{31D00053-79DC-431D-B50C-B20D1E4DFBC9}.Release|Any CPU.Build.0 = Release|Any CPU
		{19691666-B6F3-429E-90FC-ED180DACB00C}.Debug|Any CPU.ActiveCfg = Debug|Any CPU
		{19691666-B6F3-429E-90FC-ED180DACB00C}.Debug|Any CPU.Build.0 = Debug|Any CPU
		{19691666-B6F3-429E-90FC-ED180DACB00C}.Release|Any CPU.ActiveCfg = Release|Any CPU
		{19691666-B6F3-429E-90FC-ED180DACB00C}.Release|Any CPU.Build.0 = Release|Any CPU
		{3207E980-BCB4-4495-8241-6DD2FCDD745D}.Debug|Any CPU.ActiveCfg = Debug|Any CPU
		{3207E980-BCB4-4495-8241-6DD2FCDD745D}.Debug|Any CPU.Build.0 = Debug|Any CPU
		{3207E980-BCB4-4495-8241-6DD2FCDD745D}.Release|Any CPU.ActiveCfg = Release|Any CPU
		{3207E980-BCB4-4495-8241-6DD2FCDD745D}.Release|Any CPU.Build.0 = Release|Any CPU
		{D6BCA41D-FBF0-45FA-BF55-91A29110B75C}.Debug|Any CPU.ActiveCfg = Debug|Any CPU
		{D6BCA41D-FBF0-45FA-BF55-91A29110B75C}.Debug|Any CPU.Build.0 = Debug|Any CPU
		{D6BCA41D-FBF0-45FA-BF55-91A29110B75C}.Release|Any CPU.ActiveCfg = Release|Any CPU
		{D6BCA41D-FBF0-45FA-BF55-91A29110B75C}.Release|Any CPU.Build.0 = Release|Any CPU
		{63DF79C0-F800-457A-8344-428636B7EF1E}.Debug|Any CPU.ActiveCfg = Debug|Any CPU
		{63DF79C0-F800-457A-8344-428636B7EF1E}.Debug|Any CPU.Build.0 = Debug|Any CPU
		{63DF79C0-F800-457A-8344-428636B7EF1E}.Release|Any CPU.ActiveCfg = Release|Any CPU
		{63DF79C0-F800-457A-8344-428636B7EF1E}.Release|Any CPU.Build.0 = Release|Any CPU
		{AF175164-6069-4342-ADDF-7800CD8FC76F}.Debug|Any CPU.ActiveCfg = Debug|Any CPU
		{AF175164-6069-4342-ADDF-7800CD8FC76F}.Debug|Any CPU.Build.0 = Debug|Any CPU
		{AF175164-6069-4342-ADDF-7800CD8FC76F}.Release|Any CPU.ActiveCfg = Release|Any CPU
		{AF175164-6069-4342-ADDF-7800CD8FC76F}.Release|Any CPU.Build.0 = Release|Any CPU
		{760F8527-D40D-45AE-B33D-99005F60F955}.Debug|Any CPU.ActiveCfg = Debug|Any CPU
		{760F8527-D40D-45AE-B33D-99005F60F955}.Debug|Any CPU.Build.0 = Debug|Any CPU
		{760F8527-D40D-45AE-B33D-99005F60F955}.Release|Any CPU.ActiveCfg = Release|Any CPU
		{760F8527-D40D-45AE-B33D-99005F60F955}.Release|Any CPU.Build.0 = Release|Any CPU
		{91284FE5-E7F7-4762-A902-A6B9FED60956}.Debug|Any CPU.ActiveCfg = Debug|Any CPU
		{91284FE5-E7F7-4762-A902-A6B9FED60956}.Debug|Any CPU.Build.0 = Debug|Any CPU
		{91284FE5-E7F7-4762-A902-A6B9FED60956}.Release|Any CPU.ActiveCfg = Release|Any CPU
		{91284FE5-E7F7-4762-A902-A6B9FED60956}.Release|Any CPU.Build.0 = Release|Any CPU
		{D36F5AED-C629-44D1-A01D-491BB8240AF9}.Debug|Any CPU.ActiveCfg = Debug|Any CPU
		{D36F5AED-C629-44D1-A01D-491BB8240AF9}.Debug|Any CPU.Build.0 = Debug|Any CPU
		{D36F5AED-C629-44D1-A01D-491BB8240AF9}.Release|Any CPU.ActiveCfg = Release|Any CPU
		{D36F5AED-C629-44D1-A01D-491BB8240AF9}.Release|Any CPU.Build.0 = Release|Any CPU
		{BF7EFF5C-9122-4E71-B4DF-07C21DEF6982}.Debug|Any CPU.ActiveCfg = Debug|Any CPU
		{BF7EFF5C-9122-4E71-B4DF-07C21DEF6982}.Debug|Any CPU.Build.0 = Debug|Any CPU
		{BF7EFF5C-9122-4E71-B4DF-07C21DEF6982}.Release|Any CPU.ActiveCfg = Release|Any CPU
		{BF7EFF5C-9122-4E71-B4DF-07C21DEF6982}.Release|Any CPU.Build.0 = Release|Any CPU
		{69B5B883-EE2D-48D8-923F-63ED66FE7AAA}.Debug|Any CPU.ActiveCfg = Debug|Any CPU
		{69B5B883-EE2D-48D8-923F-63ED66FE7AAA}.Debug|Any CPU.Build.0 = Debug|Any CPU
		{69B5B883-EE2D-48D8-923F-63ED66FE7AAA}.Release|Any CPU.ActiveCfg = Release|Any CPU
		{69B5B883-EE2D-48D8-923F-63ED66FE7AAA}.Release|Any CPU.Build.0 = Release|Any CPU
		{109DD672-3A96-4322-B3BA-DC542C4E7EF5}.Debug|Any CPU.ActiveCfg = Debug|Any CPU
		{109DD672-3A96-4322-B3BA-DC542C4E7EF5}.Debug|Any CPU.Build.0 = Debug|Any CPU
		{109DD672-3A96-4322-B3BA-DC542C4E7EF5}.Release|Any CPU.ActiveCfg = Release|Any CPU
		{109DD672-3A96-4322-B3BA-DC542C4E7EF5}.Release|Any CPU.Build.0 = Release|Any CPU
		{FA2034FE-3394-40F5-9B51-413EAF8B6863}.Debug|Any CPU.ActiveCfg = Debug|Any CPU
		{FA2034FE-3394-40F5-9B51-413EAF8B6863}.Debug|Any CPU.Build.0 = Debug|Any CPU
		{FA2034FE-3394-40F5-9B51-413EAF8B6863}.Release|Any CPU.ActiveCfg = Release|Any CPU
		{FA2034FE-3394-40F5-9B51-413EAF8B6863}.Release|Any CPU.Build.0 = Release|Any CPU
		{D45DCA2A-BAB7-4380-9CFF-3BC03479EA09}.Debug|Any CPU.ActiveCfg = Debug|Any CPU
		{D45DCA2A-BAB7-4380-9CFF-3BC03479EA09}.Debug|Any CPU.Build.0 = Debug|Any CPU
		{D45DCA2A-BAB7-4380-9CFF-3BC03479EA09}.Release|Any CPU.ActiveCfg = Release|Any CPU
		{D45DCA2A-BAB7-4380-9CFF-3BC03479EA09}.Release|Any CPU.Build.0 = Release|Any CPU
		{05E2E8D2-99C4-42F0-8896-6545FCFE34BB}.Debug|Any CPU.ActiveCfg = Debug|Any CPU
		{05E2E8D2-99C4-42F0-8896-6545FCFE34BB}.Debug|Any CPU.Build.0 = Debug|Any CPU
		{05E2E8D2-99C4-42F0-8896-6545FCFE34BB}.Release|Any CPU.ActiveCfg = Release|Any CPU
		{05E2E8D2-99C4-42F0-8896-6545FCFE34BB}.Release|Any CPU.Build.0 = Release|Any CPU
		{045006F9-EED6-455E-98FF-E2350FF91592}.Debug|Any CPU.ActiveCfg = Debug|Any CPU
		{045006F9-EED6-455E-98FF-E2350FF91592}.Debug|Any CPU.Build.0 = Debug|Any CPU
		{045006F9-EED6-455E-98FF-E2350FF91592}.Release|Any CPU.ActiveCfg = Release|Any CPU
		{045006F9-EED6-455E-98FF-E2350FF91592}.Release|Any CPU.Build.0 = Release|Any CPU
		{62973627-5876-4F91-A016-A34FD763A769}.Debug|Any CPU.ActiveCfg = Debug|Any CPU
		{62973627-5876-4F91-A016-A34FD763A769}.Debug|Any CPU.Build.0 = Debug|Any CPU
		{62973627-5876-4F91-A016-A34FD763A769}.Release|Any CPU.ActiveCfg = Release|Any CPU
		{62973627-5876-4F91-A016-A34FD763A769}.Release|Any CPU.Build.0 = Release|Any CPU
		{26EAD80E-D3FF-4750-8D17-09F7761F4E1B}.Debug|Any CPU.ActiveCfg = Debug|Any CPU
		{26EAD80E-D3FF-4750-8D17-09F7761F4E1B}.Debug|Any CPU.Build.0 = Debug|Any CPU
		{26EAD80E-D3FF-4750-8D17-09F7761F4E1B}.Release|Any CPU.ActiveCfg = Release|Any CPU
		{26EAD80E-D3FF-4750-8D17-09F7761F4E1B}.Release|Any CPU.Build.0 = Release|Any CPU
		{8226C0CC-725E-4A60-BB20-7170BFCB7D04}.Debug|Any CPU.ActiveCfg = Debug|Any CPU
		{8226C0CC-725E-4A60-BB20-7170BFCB7D04}.Debug|Any CPU.Build.0 = Debug|Any CPU
		{8226C0CC-725E-4A60-BB20-7170BFCB7D04}.Release|Any CPU.ActiveCfg = Release|Any CPU
		{8226C0CC-725E-4A60-BB20-7170BFCB7D04}.Release|Any CPU.Build.0 = Release|Any CPU
		{C945CE04-ED46-4CC1-BE44-982BAFE7022F}.Debug|Any CPU.ActiveCfg = Debug|Any CPU
		{C945CE04-ED46-4CC1-BE44-982BAFE7022F}.Debug|Any CPU.Build.0 = Debug|Any CPU
		{C945CE04-ED46-4CC1-BE44-982BAFE7022F}.Release|Any CPU.ActiveCfg = Release|Any CPU
		{C945CE04-ED46-4CC1-BE44-982BAFE7022F}.Release|Any CPU.Build.0 = Release|Any CPU
		{7BB45A3E-00CD-4D52-AFFA-07D92DF2D149}.Debug|Any CPU.ActiveCfg = Debug|Any CPU
		{7BB45A3E-00CD-4D52-AFFA-07D92DF2D149}.Debug|Any CPU.Build.0 = Debug|Any CPU
		{7BB45A3E-00CD-4D52-AFFA-07D92DF2D149}.Release|Any CPU.ActiveCfg = Release|Any CPU
		{7BB45A3E-00CD-4D52-AFFA-07D92DF2D149}.Release|Any CPU.Build.0 = Release|Any CPU
		{E22D6D58-73A3-490B-A839-E7EC055101A4}.Debug|Any CPU.ActiveCfg = Debug|Any CPU
		{E22D6D58-73A3-490B-A839-E7EC055101A4}.Debug|Any CPU.Build.0 = Debug|Any CPU
		{E22D6D58-73A3-490B-A839-E7EC055101A4}.Release|Any CPU.ActiveCfg = Release|Any CPU
		{E22D6D58-73A3-490B-A839-E7EC055101A4}.Release|Any CPU.Build.0 = Release|Any CPU
		{4F4432D7-1AC8-4E4F-91E5-B2FBB1384755}.Debug|Any CPU.ActiveCfg = Debug|Any CPU
		{4F4432D7-1AC8-4E4F-91E5-B2FBB1384755}.Debug|Any CPU.Build.0 = Debug|Any CPU
		{4F4432D7-1AC8-4E4F-91E5-B2FBB1384755}.Release|Any CPU.ActiveCfg = Release|Any CPU
		{4F4432D7-1AC8-4E4F-91E5-B2FBB1384755}.Release|Any CPU.Build.0 = Release|Any CPU
		{1E1F12CB-D0B1-40A1-A349-64F580B53C55}.Debug|Any CPU.ActiveCfg = Debug|Any CPU
		{1E1F12CB-D0B1-40A1-A349-64F580B53C55}.Debug|Any CPU.Build.0 = Debug|Any CPU
		{1E1F12CB-D0B1-40A1-A349-64F580B53C55}.Release|Any CPU.ActiveCfg = Release|Any CPU
		{1E1F12CB-D0B1-40A1-A349-64F580B53C55}.Release|Any CPU.Build.0 = Release|Any CPU
		{8A481BB8-A260-4966-A3C6-22C651DC9059}.Debug|Any CPU.ActiveCfg = Debug|Any CPU
		{8A481BB8-A260-4966-A3C6-22C651DC9059}.Debug|Any CPU.Build.0 = Debug|Any CPU
		{8A481BB8-A260-4966-A3C6-22C651DC9059}.Release|Any CPU.ActiveCfg = Release|Any CPU
		{8A481BB8-A260-4966-A3C6-22C651DC9059}.Release|Any CPU.Build.0 = Release|Any CPU
		{8C179267-4344-4AA3-8196-3BC96F7A10C0}.Debug|Any CPU.ActiveCfg = Debug|Any CPU
		{8C179267-4344-4AA3-8196-3BC96F7A10C0}.Debug|Any CPU.Build.0 = Debug|Any CPU
		{8C179267-4344-4AA3-8196-3BC96F7A10C0}.Release|Any CPU.ActiveCfg = Release|Any CPU
		{8C179267-4344-4AA3-8196-3BC96F7A10C0}.Release|Any CPU.Build.0 = Release|Any CPU
	EndGlobalSection
	GlobalSection(SolutionProperties) = preSolution
		HideSolutionNode = FALSE
	EndGlobalSection
	GlobalSection(NestedProjects) = preSolution
		{17ADCBF9-7B10-498D-B32B-37B3F1E6D77B} = {47F5D5FC-92C8-4127-A69E-B36829776FEE}
		{49D806DC-62D7-423B-B6EF-001B6B153977} = {47F5D5FC-92C8-4127-A69E-B36829776FEE}
		{A7D3A53F-74A7-4E9D-9801-3C760470E211} = {47F5D5FC-92C8-4127-A69E-B36829776FEE}
		{417B97CB-0B34-455F-8E4A-5381ACF5D3BA} = {47F5D5FC-92C8-4127-A69E-B36829776FEE}
		{CBAF8CAC-BB3C-4C65-82A1-C7EF77ECCD5E} = {47F5D5FC-92C8-4127-A69E-B36829776FEE}
		{C4384A36-A896-46FD-94AF-0672657E1148} = {7C1FEE7D-4CA5-4FE2-90C1-7340E6A5CED1}
		{5E6A4FFD-8662-44B0-8922-74E180279106} = {7C1FEE7D-4CA5-4FE2-90C1-7340E6A5CED1}
		{7886BD40-877D-4A27-B98C-4EAA44D2C15F} = {7C1FEE7D-4CA5-4FE2-90C1-7340E6A5CED1}
		{74305704-C299-4B41-9565-0CECF30B4D83} = {7C1FEE7D-4CA5-4FE2-90C1-7340E6A5CED1}
		{31D00053-79DC-431D-B50C-B20D1E4DFBC9} = {7C1FEE7D-4CA5-4FE2-90C1-7340E6A5CED1}
		{19691666-B6F3-429E-90FC-ED180DACB00C} = {7C1FEE7D-4CA5-4FE2-90C1-7340E6A5CED1}
		{3207E980-BCB4-4495-8241-6DD2FCDD745D} = {7C1FEE7D-4CA5-4FE2-90C1-7340E6A5CED1}
		{D6BCA41D-FBF0-45FA-BF55-91A29110B75C} = {7C1FEE7D-4CA5-4FE2-90C1-7340E6A5CED1}
		{63DF79C0-F800-457A-8344-428636B7EF1E} = {7C1FEE7D-4CA5-4FE2-90C1-7340E6A5CED1}
		{AF175164-6069-4342-ADDF-7800CD8FC76F} = {7C1FEE7D-4CA5-4FE2-90C1-7340E6A5CED1}
		{760F8527-D40D-45AE-B33D-99005F60F955} = {11AB8D52-1B35-42AA-B15B-A49B54BAF711}
		{91284FE5-E7F7-4762-A902-A6B9FED60956} = {11AB8D52-1B35-42AA-B15B-A49B54BAF711}
		{D36F5AED-C629-44D1-A01D-491BB8240AF9} = {11AB8D52-1B35-42AA-B15B-A49B54BAF711}
		{BF7EFF5C-9122-4E71-B4DF-07C21DEF6982} = {11AB8D52-1B35-42AA-B15B-A49B54BAF711}
		{69B5B883-EE2D-48D8-923F-63ED66FE7AAA} = {11AB8D52-1B35-42AA-B15B-A49B54BAF711}
		{109DD672-3A96-4322-B3BA-DC542C4E7EF5} = {11AB8D52-1B35-42AA-B15B-A49B54BAF711}
		{FA2034FE-3394-40F5-9B51-413EAF8B6863} = {11AB8D52-1B35-42AA-B15B-A49B54BAF711}
		{D45DCA2A-BAB7-4380-9CFF-3BC03479EA09} = {11AB8D52-1B35-42AA-B15B-A49B54BAF711}
		{05E2E8D2-99C4-42F0-8896-6545FCFE34BB} = {11AB8D52-1B35-42AA-B15B-A49B54BAF711}
		{045006F9-EED6-455E-98FF-E2350FF91592} = {11AB8D52-1B35-42AA-B15B-A49B54BAF711}
		{62973627-5876-4F91-A016-A34FD763A769} = {5186E969-1144-4C13-93AD-98160FCA8323}
		{26EAD80E-D3FF-4750-8D17-09F7761F4E1B} = {5186E969-1144-4C13-93AD-98160FCA8323}
		{8226C0CC-725E-4A60-BB20-7170BFCB7D04} = {5186E969-1144-4C13-93AD-98160FCA8323}
		{C945CE04-ED46-4CC1-BE44-982BAFE7022F} = {5186E969-1144-4C13-93AD-98160FCA8323}
		{7BB45A3E-00CD-4D52-AFFA-07D92DF2D149} = {5186E969-1144-4C13-93AD-98160FCA8323}
		{E22D6D58-73A3-490B-A839-E7EC055101A4} = {5186E969-1144-4C13-93AD-98160FCA8323}
		{4F4432D7-1AC8-4E4F-91E5-B2FBB1384755} = {5186E969-1144-4C13-93AD-98160FCA8323}
		{1E1F12CB-D0B1-40A1-A349-64F580B53C55} = {5186E969-1144-4C13-93AD-98160FCA8323}
		{8A481BB8-A260-4966-A3C6-22C651DC9059} = {5186E969-1144-4C13-93AD-98160FCA8323}
		{8C179267-4344-4AA3-8196-3BC96F7A10C0} = {5186E969-1144-4C13-93AD-98160FCA8323}
	EndGlobalSection
	GlobalSection(ExtensibilityGlobals) = postSolution
		SolutionGuid = {5CA6E604-E9B3-462B-8DF4-AB483CA98BEC}
	EndGlobalSection
EndGlobal
